{
  "version": 4,
  "terraform_version": "1.8.2",
  "serial": 6,
  "lineage": "0c0d65a8-ffcb-42ac-8d76-035144d59c3a",
  "outputs": {},
  "resources": [
    {
      "mode": "managed",
      "type": "digitalocean_ssh_key",
      "name": "ssh_key",
      "provider": "provider[\"registry.terraform.io/digitalocean/digitalocean\"]",
      "instances": [
        {
          "schema_version": 0,
          "attributes": {
            "fingerprint": "0d:e0:6f:79:e1:ea:55:d4:ac:7f:76:4b:70:92:b9:bb",
            "id": "41910125",
            "name": "PurpleTeam",
            "public_key": "ssh-rsa AAAAB3NzaC1yc2EAAAADAQABAAABgQDwwmTictjYgrf/ZhTZiET4T1BqmdZhnpeicc0H0GFCryOyMiaWZkdRDrk9SBv5BzYp/MMc+aiHBDS9o8XnOZEsimaK4MG1oMJ3L3fR8qOYcKVKWupA4gpS+Uo8qO91DmttfWqmhu9wzdXxf7TRWav/GNBZnQwYBzdzA1DaCI8PbHRIyNUvkZnl9FbahNkUT0FvKEHoKcqnUN4rOG3DB2b5mxlCnFq3qmnNUdqqv0E3wX/rZ62jFIZSvWZZz4l30Je3IXpzxsI3449Ba1kf1O/HN+gMkZ6pUg/DOMeKMsP92d27MIfrdAPBldFepp+lV0B5xN30c4wo8zZJ4NMpgyGdJ5yWgbTmST6Yx9NVHZRMiaz9J75vwM9ejhs4u7spiMRD8AsN2Ubds6kOfGK09iXhngQB4qeEycOsZym7/jFFro8SMg8MB4Kd8xOsTu/9qO4lpHtdRGT2iy9tJgZdoMOpXBMN+m6RdzKDnKHGZQTrVIs2QYYT8Yy0+h65OjKtVYk= purple-team\n"
          },
          "sensitive_attributes": [],
          "private": "bnVsbA=="
        }
      ]
    },
    {
      "mode": "managed",
      "type": "digitalocean_tag",
      "name": "purple_team_project",
      "provider": "provider[\"registry.terraform.io/digitalocean/digitalocean\"]",
      "instances": [
        {
          "schema_version": 0,
          "attributes": {
            "databases_count": 0,
            "droplets_count": 0,
            "id": "purple_team_project",
            "images_count": 0,
            "name": "purple_team_project",
            "total_resource_count": 0,
            "volume_snapshots_count": 0,
            "volumes_count": 0
          },
          "sensitive_attributes": [],
          "private": "bnVsbA=="
        }
      ]
    }
  ],
  "check_results": null
}
